
Microsoft Visual Studio Solution File, Format Version 11.00
# Visual Studio 2010
Project("{8BC9CEB8-8B4A-11D0-8D11-00A0C91BC942}") = "Grassi PI", "Grassi PI\Grassi PI.vcxproj", "{18683DBE-4B56-4145-A025-95CB0220C85F}"
EndProject
Global
	GlobalSection(SolutionConfigurationPlatforms) = preSolution
		Debug|Win32 = Debug|Win32
		Release|Win32 = Release|Win32
	EndGlobalSection
	GlobalSection(ProjectConfigurationPlatforms) = postSolution
		{18683DBE-4B56-4145-A025-95CB0220C85F}.Debug|Win32.ActiveCfg = Debug|Win32
		{18683DBE-4B56-4145-A025-95CB0220C85F}.Debug|Win32.Build.0 = Debug|Win32
		{18683DBE-4B56-4145-A025-95CB0220C85F}.Release|Win32.ActiveCfg = Release|Win32
		{18683DBE-4B56-4145-A025-95CB0220C85F}.Release|Win32.Build.0 = Release|Win32
	EndGlobalSection
	GlobalSection(SolutionProperties) = preSolution
		HideSolutionNode = FALSE
	EndGlobalSection
EndGlobal
